
Microsoft Visual Studio Solution File, Format Version 12.00
# Visual Studio Version 17
VisualStudioVersion = 17.2.32630.192
MinimumVisualStudioVersion = 10.0.40219.1
Project("{8BC9CEB8-8B4A-11D0-8D11-00A0C91BC942}") = "Equipment1", "Equipment1\Equipment1.vcxproj", "{E0AC8C82-15D0-4D1F-A447-ABC6720C77EC}"
EndProject
Global
	GlobalSection(SolutionConfigurationPlatforms) = preSolution
		Debug|x64 = Debug|x64
		Debug|x86 = Debug|x86
		Release|x64 = Release|x64
		Release|x86 = Release|x86
	EndGlobalSection
	GlobalSection(ProjectConfigurationPlatforms) = postSolution
		{E0AC8C82-15D0-4D1F-A447-ABC6720C77EC}.Debug|x64.ActiveCfg = Debug|x64
		{E0AC8C82-15D0-4D1F-A447-ABC6720C77EC}.Debug|x64.Build.0 = Debug|x64
		{E0AC8C82-15D0-4D1F-A447-ABC6720C77EC}.Debug|x86.ActiveCfg = Debug|Win32
		{E0AC8C82-15D0-4D1F-A447-ABC6720C77EC}.Debug|x86.Build.0 = Debug|Win32
		{E0AC8C82-15D0-4D1F-A447-ABC6720C77EC}.Release|x64.ActiveCfg = Release|x64
		{E0AC8C82-15D0-4D1F-A447-ABC6720C77EC}.Release|x64.Build.0 = Release|x64
		{E0AC8C82-15D0-4D1F-A447-ABC6720C77EC}.Release|x86.ActiveCfg = Release|Win32
		{E0AC8C82-15D0-4D1F-A447-ABC6720C77EC}.Release|x86.Build.0 = Release|Win32
	EndGlobalSection
	GlobalSection(SolutionProperties) = preSolution
		HideSolutionNode = FALSE
	EndGlobalSection
	GlobalSection(ExtensibilityGlobals) = postSolution
		SolutionGuid = {D38B35F7-A65E-47C8-9484-F4967D2C8B04}
	EndGlobalSection
EndGlobal
